
Microsoft Visual Studio Solution File, Format Version 12.00
Project("{FAE04EC0-301F-11D3-BF4B-00C04F79EFBC}") = "SonarCloud.Travis.Integration", "SonarCloud.Travis.Integration/SonarCloud.Travis.Integration.csproj", "{8F2B5ACE-7C99-423A-8CD9-32B6F3FDB6D3}"
EndProject
Project("{FAE04EC0-301F-11D3-BF4B-00C04F79EFBC}") = "SonarCloud.Travis.Integration.Tests", "SonarCloud.Travis.Integration.Tests\SonarCloud.Travis.Integration.Tests.csproj", "{01976747-D545-4013-96E6-90BF0180220F}"
EndProject
Global
	GlobalSection(SolutionConfigurationPlatforms) = preSolution
		Debug|Any CPU = Debug|Any CPU
		Release|Any CPU = Release|Any CPU
	EndGlobalSection
	GlobalSection(ProjectConfigurationPlatforms) = postSolution
		{8F2B5ACE-7C99-423A-8CD9-32B6F3FDB6D3}.Debug|Any CPU.ActiveCfg = Debug|Any CPU
		{8F2B5ACE-7C99-423A-8CD9-32B6F3FDB6D3}.Debug|Any CPU.Build.0 = Debug|Any CPU
		{8F2B5ACE-7C99-423A-8CD9-32B6F3FDB6D3}.Release|Any CPU.ActiveCfg = Release|Any CPU
		{8F2B5ACE-7C99-423A-8CD9-32B6F3FDB6D3}.Release|Any CPU.Build.0 = Release|Any CPU
		{01976747-D545-4013-96E6-90BF0180220F}.Debug|Any CPU.ActiveCfg = Debug|Any CPU
		{01976747-D545-4013-96E6-90BF0180220F}.Debug|Any CPU.Build.0 = Debug|Any CPU
		{01976747-D545-4013-96E6-90BF0180220F}.Release|Any CPU.ActiveCfg = Release|Any CPU
		{01976747-D545-4013-96E6-90BF0180220F}.Release|Any CPU.Build.0 = Release|Any CPU
	EndGlobalSection
EndGlobal
